// !$*UTF8*$!
{
	archiveVersion = 1;
	classes = {
	};
	objectVersion = 47;
	objects = {

/* Begin PBXBuildFile section */
		7D91EC4EA3CBC99AA46414C7 /* Pods_XXinLangWeibo.framework in Frameworks */ = {isa = PBXBuildFile; fileRef = CD76007E11F6C0EEFEC3FF1F /* Pods_XXinLangWeibo.framework */; };
		AA0AF87F1F08FFD9001D9CC1 /* PopoverAnimator.swift in Sources */ = {isa = PBXBuildFile; fileRef = AA0AF87E1F08FFD9001D9CC1 /* PopoverAnimator.swift */; };
		AA0E1CE61F166C5E003A3398 /* WelcomeVC.swift in Sources */ = {isa = PBXBuildFile; fileRef = AA0E1CE41F166C5E003A3398 /* WelcomeVC.swift */; };
		AA0E1CE71F166C5E003A3398 /* WelcomeVC.xib in Resources */ = {isa = PBXBuildFile; fileRef = AA0E1CE51F166C5E003A3398 /* WelcomeVC.xib */; };
		AA4354471F1D042200CD3843 /* Status.swift in Sources */ = {isa = PBXBuildFile; fileRef = AA4354461F1D042200CD3843 /* Status.swift */; };
		AAFEEF401EA342700019227F /* BaseViewController.swift in Sources */ = {isa = PBXBuildFile; fileRef = AAFEEF3F1EA342700019227F /* BaseViewController.swift */; };
		AAFEEF421EA347240019227F /* VisiterView.swift in Sources */ = {isa = PBXBuildFile; fileRef = AAFEEF411EA347240019227F /* VisiterView.swift */; };
		AAFEEF441EA3474C0019227F /* VisiterView.xib in Resources */ = {isa = PBXBuildFile; fileRef = AAFEEF431EA3474C0019227F /* VisiterView.xib */; };
		AAFEEF461EA39B7D0019227F /* UIBarButtonItem-Extension.swift in Sources */ = {isa = PBXBuildFile; fileRef = AAFEEF451EA39B7D0019227F /* UIBarButtonItem-Extension.swift */; };
		BE01CBDC1E8CE3780055A533 /* Home.storyboard in Resources */ = {isa = PBXBuildFile; fileRef = BE01CBDA1E8CE3780055A533 /* Home.storyboard */; };
		BE01CBE21E8CE4130055A533 /* Message.storyboard in Resources */ = {isa = PBXBuildFile; fileRef = BE01CBE01E8CE4130055A533 /* Message.storyboard */; };
		BE01CBE51E8CE4500055A533 /* Discover.storyboard in Resources */ = {isa = PBXBuildFile; fileRef = BE01CBE31E8CE4500055A533 /* Discover.storyboard */; };
		BE01CBED1E8CE8970055A533 /* News.storyboard in Resources */ = {isa = PBXBuildFile; fileRef = BE01CBEB1E8CE8970055A533 /* News.storyboard */; };
		BE01CBEF1E8CF5790055A533 /* Profile.storyboard in Resources */ = {isa = PBXBuildFile; fileRef = BE01CBEE1E8CF5790055A533 /* Profile.storyboard */; };
		BE01CBF31E8CF6820055A533 /* UIButton-Extension.swift in Sources */ = {isa = PBXBuildFile; fileRef = BE01CBF21E8CF6820055A533 /* UIButton-Extension.swift */; };
		BE0FDCF41F0C998600AB6EF8 /* OAuthVC.swift in Sources */ = {isa = PBXBuildFile; fileRef = BE0FDCF21F0C998600AB6EF8 /* OAuthVC.swift */; };
		BE0FDCF51F0C998600AB6EF8 /* OAuthVC.xib in Resources */ = {isa = PBXBuildFile; fileRef = BE0FDCF31F0C998600AB6EF8 /* OAuthVC.xib */; };
		BE0FDCF71F0CC1FD00AB6EF8 /* Common.swift in Sources */ = {isa = PBXBuildFile; fileRef = BE0FDCF61F0CC1FD00AB6EF8 /* Common.swift */; };
		BE0FDCF91F0CCCE200AB6EF8 /* NetworkTools.swift in Sources */ = {isa = PBXBuildFile; fileRef = BE0FDCF81F0CCCE200AB6EF8 /* NetworkTools.swift */; };
		BE0FDCFB1F0CD7C000AB6EF8 /* UserAccount.swift in Sources */ = {isa = PBXBuildFile; fileRef = BE0FDCFA1F0CD7C000AB6EF8 /* UserAccount.swift */; };
		BE5647A21E88BE9C0089284C /* MainVC.swift in Sources */ = {isa = PBXBuildFile; fileRef = BE5647A11E88BE9C0089284C /* MainVC.swift */; };
		BE5647A41E88C21F0089284C /* HomeVC.swift in Sources */ = {isa = PBXBuildFile; fileRef = BE5647A31E88C21F0089284C /* HomeVC.swift */; };
		BE5647A61E88C2460089284C /* MessageVC.swift in Sources */ = {isa = PBXBuildFile; fileRef = BE5647A51E88C2460089284C /* MessageVC.swift */; };
		BE5647A81E88C2560089284C /* DiscoverVC.swift in Sources */ = {isa = PBXBuildFile; fileRef = BE5647A71E88C2560089284C /* DiscoverVC.swift */; };
		BE5647AA1E88C2790089284C /* ProfileVC.swift in Sources */ = {isa = PBXBuildFile; fileRef = BE5647A91E88C2790089284C /* ProfileVC.swift */; };
		BE5647AD1E8909630089284C /* MainVCSettings.json in Resources */ = {isa = PBXBuildFile; fileRef = BE5647AC1E8909630089284C /* MainVCSettings.json */; };
		BE56E8E11F03AE8800D40FC7 /* TitleButton.swift in Sources */ = {isa = PBXBuildFile; fileRef = BE56E8E01F03AE8800D40FC7 /* TitleButton.swift */; };
		BE56E8E71F03B55C00D40FC7 /* PopoverVC.swift in Sources */ = {isa = PBXBuildFile; fileRef = BE56E8E51F03B55C00D40FC7 /* PopoverVC.swift */; };
		BE56E8E81F03B55C00D40FC7 /* PopoverVC.xib in Resources */ = {isa = PBXBuildFile; fileRef = BE56E8E61F03B55C00D40FC7 /* PopoverVC.xib */; };
		BE5ECDDF1F1381BF0022DC88 /* UserAccountViewMondel.swift in Sources */ = {isa = PBXBuildFile; fileRef = BE5ECDDE1F1381BF0022DC88 /* UserAccountViewMondel.swift */; };
		BE7DE3F91E83F82D00262B6C /* AppDelegate.swift in Sources */ = {isa = PBXBuildFile; fileRef = BE7DE3F81E83F82D00262B6C /* AppDelegate.swift */; };
		BE7DE3FE1E83F82D00262B6C /* Main.storyboard in Resources */ = {isa = PBXBuildFile; fileRef = BE7DE3FC1E83F82D00262B6C /* Main.storyboard */; };
		BE7DE4001E83F82D00262B6C /* Assets.xcassets in Resources */ = {isa = PBXBuildFile; fileRef = BE7DE3FF1E83F82D00262B6C /* Assets.xcassets */; };
		BE7DE4031E83F82D00262B6C /* LaunchScreen.storyboard in Resources */ = {isa = PBXBuildFile; fileRef = BE7DE4011E83F82D00262B6C /* LaunchScreen.storyboard */; };
		BE9E77C01F04AAB40033DEFE /* XLPresentationController.swift in Sources */ = {isa = PBXBuildFile; fileRef = BE9E77BF1F04AAB40033DEFE /* XLPresentationController.swift */; };
/* End PBXBuildFile section */

/* Begin PBXFileReference section */
		157BF70708648DACFBDF107C /* Pods-XXinLangWeibo.release.xcconfig */ = {isa = PBXFileReference; includeInIndex = 1; lastKnownFileType = text.xcconfig; name = "Pods-XXinLangWeibo.release.xcconfig"; path = "Pods/Target Support Files/Pods-XXinLangWeibo/Pods-XXinLangWeibo.release.xcconfig"; sourceTree = "<group>"; };
		8A6905D4B9B0354565DCC036 /* Pods-XXinLangWeibo.debug.xcconfig */ = {isa = PBXFileReference; includeInIndex = 1; lastKnownFileType = text.xcconfig; name = "Pods-XXinLangWeibo.debug.xcconfig"; path = "Pods/Target Support Files/Pods-XXinLangWeibo/Pods-XXinLangWeibo.debug.xcconfig"; sourceTree = "<group>"; };
		AA0AF87E1F08FFD9001D9CC1 /* PopoverAnimator.swift */ = {isa = PBXFileReference; fileEncoding = 4; lastKnownFileType = sourcecode.swift; path = PopoverAnimator.swift; sourceTree = "<group>"; };
		AA0E1CE41F166C5E003A3398 /* WelcomeVC.swift */ = {isa = PBXFileReference; fileEncoding = 4; lastKnownFileType = sourcecode.swift; path = WelcomeVC.swift; sourceTree = "<group>"; };
		AA0E1CE51F166C5E003A3398 /* WelcomeVC.xib */ = {isa = PBXFileReference; fileEncoding = 4; lastKnownFileType = file.xib; path = WelcomeVC.xib; sourceTree = "<group>"; };
		AA4354461F1D042200CD3843 /* Status.swift */ = {isa = PBXFileReference; fileEncoding = 4; lastKnownFileType = sourcecode.swift; path = Status.swift; sourceTree = "<group>"; };
		AAFEEF3F1EA342700019227F /* BaseViewController.swift */ = {isa = PBXFileReference; fileEncoding = 4; lastKnownFileType = sourcecode.swift; path = BaseViewController.swift; sourceTree = "<group>"; };
		AAFEEF411EA347240019227F /* VisiterView.swift */ = {isa = PBXFileReference; fileEncoding = 4; lastKnownFileType = sourcecode.swift; path = VisiterView.swift; sourceTree = "<group>"; };
		AAFEEF431EA3474C0019227F /* VisiterView.xib */ = {isa = PBXFileReference; fileEncoding = 4; lastKnownFileType = file.xib; path = VisiterView.xib; sourceTree = "<group>"; };
		AAFEEF451EA39B7D0019227F /* UIBarButtonItem-Extension.swift */ = {isa = PBXFileReference; fileEncoding = 4; lastKnownFileType = sourcecode.swift; path = "UIBarButtonItem-Extension.swift"; sourceTree = "<group>"; };
		BE01CBDB1E8CE3780055A533 /* Base */ = {isa = PBXFileReference; lastKnownFileType = file.storyboard; name = Base; path = Base.lproj/Home.storyboard; sourceTree = "<group>"; };
		BE01CBE11E8CE4130055A533 /* Base */ = {isa = PBXFileReference; lastKnownFileType = file.storyboard; name = Base; path = Base.lproj/Message.storyboard; sourceTree = "<group>"; };
		BE01CBE41E8CE4500055A533 /* Base */ = {isa = PBXFileReference; lastKnownFileType = file.storyboard; name = Base; path = Base.lproj/Discover.storyboard; sourceTree = "<group>"; };
		BE01CBEC1E8CE8970055A533 /* Base */ = {isa = PBXFileReference; lastKnownFileType = file.storyboard; name = Base; path = Base.lproj/News.storyboard; sourceTree = "<group>"; };
		BE01CBEE1E8CF5790055A533 /* Profile.storyboard */ = {isa = PBXFileReference; fileEncoding = 4; lastKnownFileType = file.storyboard; path = Profile.storyboard; sourceTree = "<group>"; };
		BE01CBF21E8CF6820055A533 /* UIButton-Extension.swift */ = {isa = PBXFileReference; fileEncoding = 4; lastKnownFileType = sourcecode.swift; path = "UIButton-Extension.swift"; sourceTree = "<group>"; };
		BE0FDCF21F0C998600AB6EF8 /* OAuthVC.swift */ = {isa = PBXFileReference; fileEncoding = 4; lastKnownFileType = sourcecode.swift; path = OAuthVC.swift; sourceTree = "<group>"; };
		BE0FDCF31F0C998600AB6EF8 /* OAuthVC.xib */ = {isa = PBXFileReference; fileEncoding = 4; lastKnownFileType = file.xib; path = OAuthVC.xib; sourceTree = "<group>"; };
		BE0FDCF61F0CC1FD00AB6EF8 /* Common.swift */ = {isa = PBXFileReference; fileEncoding = 4; lastKnownFileType = sourcecode.swift; path = Common.swift; sourceTree = "<group>"; };
		BE0FDCF81F0CCCE200AB6EF8 /* NetworkTools.swift */ = {isa = PBXFileReference; fileEncoding = 4; lastKnownFileType = sourcecode.swift; path = NetworkTools.swift; sourceTree = "<group>"; };
		BE0FDCFA1F0CD7C000AB6EF8 /* UserAccount.swift */ = {isa = PBXFileReference; fileEncoding = 4; lastKnownFileType = sourcecode.swift; path = UserAccount.swift; sourceTree = "<group>"; };
		BE5647A11E88BE9C0089284C /* MainVC.swift */ = {isa = PBXFileReference; fileEncoding = 4; lastKnownFileType = sourcecode.swift; path = MainVC.swift; sourceTree = "<group>"; };
		BE5647A31E88C21F0089284C /* HomeVC.swift */ = {isa = PBXFileReference; fileEncoding = 4; lastKnownFileType = sourcecode.swift; path = HomeVC.swift; sourceTree = "<group>"; };
		BE5647A51E88C2460089284C /* MessageVC.swift */ = {isa = PBXFileReference; fileEncoding = 4; lastKnownFileType = sourcecode.swift; path = MessageVC.swift; sourceTree = "<group>"; };
		BE5647A71E88C2560089284C /* DiscoverVC.swift */ = {isa = PBXFileReference; fileEncoding = 4; lastKnownFileType = sourcecode.swift; path = DiscoverVC.swift; sourceTree = "<group>"; };
		BE5647A91E88C2790089284C /* ProfileVC.swift */ = {isa = PBXFileReference; fileEncoding = 4; lastKnownFileType = sourcecode.swift; path = ProfileVC.swift; sourceTree = "<group>"; };
		BE5647AC1E8909630089284C /* MainVCSettings.json */ = {isa = PBXFileReference; fileEncoding = 4; lastKnownFileType = text.json; path = MainVCSettings.json; sourceTree = "<group>"; };
		BE56E8E01F03AE8800D40FC7 /* TitleButton.swift */ = {isa = PBXFileReference; fileEncoding = 4; lastKnownFileType = sourcecode.swift; path = TitleButton.swift; sourceTree = "<group>"; };
		BE56E8E51F03B55C00D40FC7 /* PopoverVC.swift */ = {isa = PBXFileReference; fileEncoding = 4; lastKnownFileType = sourcecode.swift; path = PopoverVC.swift; sourceTree = "<group>"; };
		BE56E8E61F03B55C00D40FC7 /* PopoverVC.xib */ = {isa = PBXFileReference; fileEncoding = 4; lastKnownFileType = file.xib; path = PopoverVC.xib; sourceTree = "<group>"; };
		BE5ECDDE1F1381BF0022DC88 /* UserAccountViewMondel.swift */ = {isa = PBXFileReference; fileEncoding = 4; lastKnownFileType = sourcecode.swift; path = UserAccountViewMondel.swift; sourceTree = "<group>"; };
		BE7DE3F51E83F82D00262B6C /* XXinLangWeibo.app */ = {isa = PBXFileReference; explicitFileType = wrapper.application; includeInIndex = 0; path = XXinLangWeibo.app; sourceTree = BUILT_PRODUCTS_DIR; };
		BE7DE3F81E83F82D00262B6C /* AppDelegate.swift */ = {isa = PBXFileReference; lastKnownFileType = sourcecode.swift; path = AppDelegate.swift; sourceTree = "<group>"; };
		BE7DE3FD1E83F82D00262B6C /* Base */ = {isa = PBXFileReference; lastKnownFileType = file.storyboard; name = Base; path = Base.lproj/Main.storyboard; sourceTree = "<group>"; };
		BE7DE3FF1E83F82D00262B6C /* Assets.xcassets */ = {isa = PBXFileReference; lastKnownFileType = folder.assetcatalog; path = Assets.xcassets; sourceTree = "<group>"; };
		BE7DE4021E83F82D00262B6C /* Base */ = {isa = PBXFileReference; lastKnownFileType = file.storyboard; name = Base; path = Base.lproj/LaunchScreen.storyboard; sourceTree = "<group>"; };
		BE7DE4041E83F82D00262B6C /* Info.plist */ = {isa = PBXFileReference; lastKnownFileType = text.plist.xml; path = Info.plist; sourceTree = "<group>"; };
		BE9E77BF1F04AAB40033DEFE /* XLPresentationController.swift */ = {isa = PBXFileReference; fileEncoding = 4; lastKnownFileType = sourcecode.swift; path = XLPresentationController.swift; sourceTree = "<group>"; };
		CD76007E11F6C0EEFEC3FF1F /* Pods_XXinLangWeibo.framework */ = {isa = PBXFileReference; explicitFileType = wrapper.framework; includeInIndex = 0; path = Pods_XXinLangWeibo.framework; sourceTree = BUILT_PRODUCTS_DIR; };
/* End PBXFileReference section */

/* Begin PBXFrameworksBuildPhase section */
		BE7DE3F21E83F82D00262B6C /* Frameworks */ = {
			isa = PBXFrameworksBuildPhase;
			buildActionMask = 2147483647;
			files = (
				7D91EC4EA3CBC99AA46414C7 /* Pods_XXinLangWeibo.framework in Frameworks */,
			);
			runOnlyForDeploymentPostprocessing = 0;
		};
/* End PBXFrameworksBuildPhase section */

/* Begin PBXGroup section */
		47597EC2E86C3CBB3474F124 /* Frameworks */ = {
			isa = PBXGroup;
			children = (
				CD76007E11F6C0EEFEC3FF1F /* Pods_XXinLangWeibo.framework */,
			);
			name = Frameworks;
			sourceTree = "<group>";
		};
		AA0E1CE31F166C06003A3398 /* Welcome */ = {
			isa = PBXGroup;
			children = (
				AA0E1CE41F166C5E003A3398 /* WelcomeVC.swift */,
				AA0E1CE51F166C5E003A3398 /* WelcomeVC.xib */,
			);
			path = Welcome;
			sourceTree = "<group>";
		};
		AA4354451F1D03E700CD3843 /* HomeModel */ = {
			isa = PBXGroup;
			children = (
				AA4354461F1D042200CD3843 /* Status.swift */,
			);
			path = HomeModel;
			sourceTree = "<group>";
		};
		AAFEEF3E1EA342250019227F /* Visiter */ = {
			isa = PBXGroup;
			children = (
				AAFEEF3F1EA342700019227F /* BaseViewController.swift */,
				AAFEEF411EA347240019227F /* VisiterView.swift */,
				AAFEEF431EA3474C0019227F /* VisiterView.xib */,
			);
			path = Visiter;
			sourceTree = "<group>";
		};
		BE01CBF01E8CF5AE0055A533 /* Tools */ = {
			isa = PBXGroup;
			children = (
				BE01CBF11E8CF6240055A533 /* Category */,
				BE56E8E01F03AE8800D40FC7 /* TitleButton.swift */,
				BE0FDCF61F0CC1FD00AB6EF8 /* Common.swift */,
				BE0FDCF81F0CCCE200AB6EF8 /* NetworkTools.swift */,
			);
			path = Tools;
			sourceTree = "<group>";
		};
		BE01CBF11E8CF6240055A533 /* Category */ = {
			isa = PBXGroup;
			children = (
				BE01CBF21E8CF6820055A533 /* UIButton-Extension.swift */,
				AAFEEF451EA39B7D0019227F /* UIBarButtonItem-Extension.swift */,
			);
			path = Category;
			sourceTree = "<group>";
		};
		BE0FDCF11F0C996200AB6EF8 /* OAuth */ = {
			isa = PBXGroup;
			children = (
				BE0FDCF21F0C998600AB6EF8 /* OAuthVC.swift */,
				BE0FDCFA1F0CD7C000AB6EF8 /* UserAccount.swift */,
				BE0FDCF31F0C998600AB6EF8 /* OAuthVC.xib */,
				BE5ECDDE1F1381BF0022DC88 /* UserAccountViewMondel.swift */,
			);
			path = OAuth;
			sourceTree = "<group>";
		};
		BE56479B1E88BDE80089284C /* Classes */ = {
			isa = PBXGroup;
			children = (
				BE56479E1E88BDE80089284C /* Main */,
				BE56479D1E88BDE80089284C /* Home */,
				BE56479F1E88BDE80089284C /* Message */,
				BE56479C1E88BDE80089284C /* Discover */,
				BE5647A01E88BDE80089284C /* Profile */,
				BE01CBF01E8CF5AE0055A533 /* Tools */,
			);
			path = Classes;
			sourceTree = "<group>";
		};
		BE56479C1E88BDE80089284C /* Discover */ = {
			isa = PBXGroup;
			children = (
				BE5647A71E88C2560089284C /* DiscoverVC.swift */,
				BE01CBE31E8CE4500055A533 /* Discover.storyboard */,
			);
			path = Discover;
			sourceTree = "<group>";
		};
		BE56479D1E88BDE80089284C /* Home */ = {
			isa = PBXGroup;
			children = (
				BE56E8E21F03B50700D40FC7 /* UIPopover */,
				AA4354451F1D03E700CD3843 /* HomeModel */,
				BE5647A31E88C21F0089284C /* HomeVC.swift */,
				BE01CBDA1E8CE3780055A533 /* Home.storyboard */,
			);
			path = Home;
			sourceTree = "<group>";
		};
		BE56479E1E88BDE80089284C /* Main */ = {
			isa = PBXGroup;
			children = (
				AA0E1CE31F166C06003A3398 /* Welcome */,
				BE0FDCF11F0C996200AB6EF8 /* OAuth */,
				AAFEEF3E1EA342250019227F /* Visiter */,
				BE5647AB1E8909630089284C /* Resource */,
				BE5647A11E88BE9C0089284C /* MainVC.swift */,
			);
			path = Main;
			sourceTree = "<group>";
		};
		BE56479F1E88BDE80089284C /* Message */ = {
			isa = PBXGroup;
			children = (
				BE5647A51E88C2460089284C /* MessageVC.swift */,
				BE01CBE01E8CE4130055A533 /* Message.storyboard */,
			);
			path = Message;
			sourceTree = "<group>";
		};
		BE5647A01E88BDE80089284C /* Profile */ = {
			isa = PBXGroup;
			children = (
				BE5647A91E88C2790089284C /* ProfileVC.swift */,
				BE01CBEE1E8CF5790055A533 /* Profile.storyboard */,
			);
			path = Profile;
			sourceTree = "<group>";
		};
		BE5647AB1E8909630089284C /* Resource */ = {
			isa = PBXGroup;
			children = (
				BE5647AC1E8909630089284C /* MainVCSettings.json */,
			);
			path = Resource;
			sourceTree = "<group>";
		};
		BE56E8E21F03B50700D40FC7 /* UIPopover */ = {
			isa = PBXGroup;
			children = (
				BE56E8E51F03B55C00D40FC7 /* PopoverVC.swift */,
				BE56E8E61F03B55C00D40FC7 /* PopoverVC.xib */,
				BE9E77BF1F04AAB40033DEFE /* XLPresentationController.swift */,
				AA0AF87E1F08FFD9001D9CC1 /* PopoverAnimator.swift */,
			);
			path = UIPopover;
			sourceTree = "<group>";
		};
		BE7DE3EC1E83F82D00262B6C = {
			isa = PBXGroup;
			children = (
				BE7DE3F71E83F82D00262B6C /* XXinLangWeibo */,
				BE7DE3F61E83F82D00262B6C /* Products */,
				D8C583C2CF8DCA6FFA25AD16 /* Pods */,
				47597EC2E86C3CBB3474F124 /* Frameworks */,
			);
			sourceTree = "<group>";
		};
		BE7DE3F61E83F82D00262B6C /* Products */ = {
			isa = PBXGroup;
			children = (
				BE7DE3F51E83F82D00262B6C /* XXinLangWeibo.app */,
			);
			name = Products;
			sourceTree = "<group>";
		};
		BE7DE3F71E83F82D00262B6C /* XXinLangWeibo */ = {
			isa = PBXGroup;
			children = (
				BE56479B1E88BDE80089284C /* Classes */,
				BE7DE3F81E83F82D00262B6C /* AppDelegate.swift */,
				BE7DE3FC1E83F82D00262B6C /* Main.storyboard */,
				BE01CBEB1E8CE8970055A533 /* News.storyboard */,
				BE7DE3FF1E83F82D00262B6C /* Assets.xcassets */,
				BE7DE4011E83F82D00262B6C /* LaunchScreen.storyboard */,
				BE7DE4041E83F82D00262B6C /* Info.plist */,
			);
			path = XXinLangWeibo;
			sourceTree = "<group>";
		};
		D8C583C2CF8DCA6FFA25AD16 /* Pods */ = {
			isa = PBXGroup;
			children = (
				8A6905D4B9B0354565DCC036 /* Pods-XXinLangWeibo.debug.xcconfig */,
				157BF70708648DACFBDF107C /* Pods-XXinLangWeibo.release.xcconfig */,
			);
			name = Pods;
			sourceTree = "<group>";
		};
/* End PBXGroup section */

/* Begin PBXNativeTarget section */
		BE7DE3F41E83F82D00262B6C /* XXinLangWeibo */ = {
			isa = PBXNativeTarget;
			buildConfigurationList = BE7DE4071E83F82D00262B6C /* Build configuration list for PBXNativeTarget "XXinLangWeibo" */;
			buildPhases = (
				E250951563A6A80E7A6D5BC2 /* [CP] Check Pods Manifest.lock */,
				BE7DE3F11E83F82D00262B6C /* Sources */,
				BE7DE3F21E83F82D00262B6C /* Frameworks */,
				BE7DE3F31E83F82D00262B6C /* Resources */,
				21488D2A133049DAC8FA4C62 /* [CP] Embed Pods Frameworks */,
				96B0B59A53D44D3291CAA980 /* [CP] Copy Pods Resources */,
			);
			buildRules = (
			);
			dependencies = (
			);
			name = XXinLangWeibo;
			productName = XXinLangWeibo;
			productReference = BE7DE3F51E83F82D00262B6C /* XXinLangWeibo.app */;
			productType = "com.apple.product-type.application";
		};
/* End PBXNativeTarget section */

/* Begin PBXProject section */
		BE7DE3ED1E83F82D00262B6C /* Project object */ = {
			isa = PBXProject;
			attributes = {
				LastSwiftUpdateCheck = 0720;
				LastUpgradeCheck = 0830;
				ORGANIZATIONNAME = Team;
				TargetAttributes = {
					BE7DE3F41E83F82D00262B6C = {
						CreatedOnToolsVersion = 7.2.1;
						DevelopmentTeam = L37SXG465L;
						LastSwiftMigration = 0820;
					};
				};
			};
			buildConfigurationList = BE7DE3F01E83F82D00262B6C /* Build configuration list for PBXProject "XXinLangWeibo" */;
			compatibilityVersion = "Xcode 6.3";
			developmentRegion = English;
			hasScannedForEncodings = 0;
			knownRegions = (
				en,
				Base,
			);
			mainGroup = BE7DE3EC1E83F82D00262B6C;
			productRefGroup = BE7DE3F61E83F82D00262B6C /* Products */;
			projectDirPath = "";
			projectRoot = "";
			targets = (
				BE7DE3F41E83F82D00262B6C /* XXinLangWeibo */,
			);
		};
/* End PBXProject section */

/* Begin PBXResourcesBuildPhase section */
		BE7DE3F31E83F82D00262B6C /* Resources */ = {
			isa = PBXResourcesBuildPhase;
			buildActionMask = 2147483647;
			files = (
				BE7DE4031E83F82D00262B6C /* LaunchScreen.storyboard in Resources */,
				BE01CBDC1E8CE3780055A533 /* Home.storyboard in Resources */,
				AA0E1CE71F166C5E003A3398 /* WelcomeVC.xib in Resources */,
				BE01CBEF1E8CF5790055A533 /* Profile.storyboard in Resources */,
				BE7DE4001E83F82D00262B6C /* Assets.xcassets in Resources */,
				BE01CBED1E8CE8970055A533 /* News.storyboard in Resources */,
				AAFEEF441EA3474C0019227F /* VisiterView.xib in Resources */,
				BE0FDCF51F0C998600AB6EF8 /* OAuthVC.xib in Resources */,
				BE56E8E81F03B55C00D40FC7 /* PopoverVC.xib in Resources */,
				BE5647AD1E8909630089284C /* MainVCSettings.json in Resources */,
				BE01CBE21E8CE4130055A533 /* Message.storyboard in Resources */,
				BE01CBE51E8CE4500055A533 /* Discover.storyboard in Resources */,
				BE7DE3FE1E83F82D00262B6C /* Main.storyboard in Resources */,
			);
			runOnlyForDeploymentPostprocessing = 0;
		};
/* End PBXResourcesBuildPhase section */

/* Begin PBXShellScriptBuildPhase section */
		21488D2A133049DAC8FA4C62 /* [CP] Embed Pods Frameworks */ = {
			isa = PBXShellScriptBuildPhase;
			buildActionMask = 2147483647;
			files = (
			);
			inputPaths = (
			);
			name = "[CP] Embed Pods Frameworks";
			outputPaths = (
			);
			runOnlyForDeploymentPostprocessing = 0;
			shellPath = /bin/sh;
			shellScript = "\"${SRCROOT}/Pods/Target Support Files/Pods-XXinLangWeibo/Pods-XXinLangWeibo-frameworks.sh\"\n";
			showEnvVarsInLog = 0;
		};
		96B0B59A53D44D3291CAA980 /* [CP] Copy Pods Resources */ = {
			isa = PBXShellScriptBuildPhase;
			buildActionMask = 2147483647;
			files = (
			);
			inputPaths = (
			);
			name = "[CP] Copy Pods Resources";
			outputPaths = (
			);
			runOnlyForDeploymentPostprocessing = 0;
			shellPath = /bin/sh;
			shellScript = "\"${SRCROOT}/Pods/Target Support Files/Pods-XXinLangWeibo/Pods-XXinLangWeibo-resources.sh\"\n";
			showEnvVarsInLog = 0;
		};
		E250951563A6A80E7A6D5BC2 /* [CP] Check Pods Manifest.lock */ = {
			isa = PBXShellScriptBuildPhase;
			buildActionMask = 2147483647;
			files = (
			);
			inputPaths = (
			);
			name = "[CP] Check Pods Manifest.lock";
			outputPaths = (
			);
			runOnlyForDeploymentPostprocessing = 0;
			shellPath = /bin/sh;
			shellScript = "diff \"${PODS_PODFILE_DIR_PATH}/Podfile.lock\" \"${PODS_ROOT}/Manifest.lock\" > /dev/null\nif [ $? != 0 ] ; then\n    # print error to STDERR\n    echo \"error: The sandbox is not in sync with the Podfile.lock. Run 'pod install' or update your CocoaPods installation.\" >&2\n    exit 1\nfi\n";
			showEnvVarsInLog = 0;
		};
/* End PBXShellScriptBuildPhase section */

/* Begin PBXSourcesBuildPhase section */
		BE7DE3F11E83F82D00262B6C /* Sources */ = {
			isa = PBXSourcesBuildPhase;
			buildActionMask = 2147483647;
			files = (
				BE0FDCF71F0CC1FD00AB6EF8 /* Common.swift in Sources */,
				BE0FDCF91F0CCCE200AB6EF8 /* NetworkTools.swift in Sources */,
				AA4354471F1D042200CD3843 /* Status.swift in Sources */,
				BE0FDCFB1F0CD7C000AB6EF8 /* UserAccount.swift in Sources */,
				BE9E77C01F04AAB40033DEFE /* XLPresentationController.swift in Sources */,
				AAFEEF461EA39B7D0019227F /* UIBarButtonItem-Extension.swift in Sources */,
				BE5ECDDF1F1381BF0022DC88 /* UserAccountViewMondel.swift in Sources */,
				BE5647AA1E88C2790089284C /* ProfileVC.swift in Sources */,
				BE01CBF31E8CF6820055A533 /* UIButton-Extension.swift in Sources */,
				BE5647A61E88C2460089284C /* MessageVC.swift in Sources */,
				BE56E8E11F03AE8800D40FC7 /* TitleButton.swift in Sources */,
				BE5647A81E88C2560089284C /* DiscoverVC.swift in Sources */,
				AA0E1CE61F166C5E003A3398 /* WelcomeVC.swift in Sources */,
				BE0FDCF41F0C998600AB6EF8 /* OAuthVC.swift in Sources */,
				AAFEEF421EA347240019227F /* VisiterView.swift in Sources */,
				AA0AF87F1F08FFD9001D9CC1 /* PopoverAnimator.swift in Sources */,
				BE5647A41E88C21F0089284C /* HomeVC.swift in Sources */,
				AAFEEF401EA342700019227F /* BaseViewController.swift in Sources */,
				BE7DE3F91E83F82D00262B6C /* AppDelegate.swift in Sources */,
				BE56E8E71F03B55C00D40FC7 /* PopoverVC.swift in Sources */,
				BE5647A21E88BE9C0089284C /* MainVC.swift in Sources */,
			);
			runOnlyForDeploymentPostprocessing = 0;
		};
/* End PBXSourcesBuildPhase section */

/* Begin PBXVariantGroup section */
		BE01CBDA1E8CE3780055A533 /* Home.storyboard */ = {
			isa = PBXVariantGroup;
			children = (
				BE01CBDB1E8CE3780055A533 /* Base */,
			);
			name = Home.storyboard;
			path = ../..;
			sourceTree = "<group>";
		};
		BE01CBE01E8CE4130055A533 /* Message.storyboard */ = {
			isa = PBXVariantGroup;
			children = (
				BE01CBE11E8CE4130055A533 /* Base */,
			);
			name = Message.storyboard;
			path = ../..;
			sourceTree = "<group>";
		};
		BE01CBE31E8CE4500055A533 /* Discover.storyboard */ = {
			isa = PBXVariantGroup;
			children = (
				BE01CBE41E8CE4500055A533 /* Base */,
			);
			name = Discover.storyboard;
			path = ../..;
			sourceTree = "<group>";
		};
		BE01CBEB1E8CE8970055A533 /* News.storyboard */ = {
			isa = PBXVariantGroup;
			children = (
				BE01CBEC1E8CE8970055A533 /* Base */,
			);
			name = News.storyboard;
			sourceTree = "<group>";
		};
		BE7DE3FC1E83F82D00262B6C /* Main.storyboard */ = {
			isa = PBXVariantGroup;
			children = (
				BE7DE3FD1E83F82D00262B6C /* Base */,
			);
			name = Main.storyboard;
			sourceTree = "<group>";
		};
		BE7DE4011E83F82D00262B6C /* LaunchScreen.storyboard */ = {
			isa = PBXVariantGroup;
			children = (
				BE7DE4021E83F82D00262B6C /* Base */,
			);
			name = LaunchScreen.storyboard;
			sourceTree = "<group>";
		};
/* End PBXVariantGroup section */

/* Begin XCBuildConfiguration section */
		BE7DE4051E83F82D00262B6C /* Debug */ = {
			isa = XCBuildConfiguration;
			buildSettings = {
				ALWAYS_SEARCH_USER_PATHS = NO;
				CLANG_CXX_LANGUAGE_STANDARD = "gnu++0x";
				CLANG_CXX_LIBRARY = "libc++";
				CLANG_ENABLE_MODULES = YES;
				CLANG_ENABLE_OBJC_ARC = YES;
				CLANG_WARN_BOOL_CONVERSION = YES;
				CLANG_WARN_CONSTANT_CONVERSION = YES;
				CLANG_WARN_DIRECT_OBJC_ISA_USAGE = YES_ERROR;
				CLANG_WARN_EMPTY_BODY = YES;
				CLANG_WARN_ENUM_CONVERSION = YES;
				CLANG_WARN_INFINITE_RECURSION = YES;
				CLANG_WARN_INT_CONVERSION = YES;
				CLANG_WARN_OBJC_ROOT_CLASS = YES_ERROR;
				CLANG_WARN_SUSPICIOUS_MOVE = YES;
				CLANG_WARN_UNREACHABLE_CODE = YES;
				CLANG_WARN__DUPLICATE_METHOD_MATCH = YES;
				"CODE_SIGN_IDENTITY[sdk=iphoneos*]" = "iPhone Developer";
				COPY_PHASE_STRIP = NO;
				DEBUG_INFORMATION_FORMAT = dwarf;
				ENABLE_STRICT_OBJC_MSGSEND = YES;
				ENABLE_TESTABILITY = YES;
				GCC_C_LANGUAGE_STANDARD = gnu99;
				GCC_DYNAMIC_NO_PIC = NO;
				GCC_NO_COMMON_BLOCKS = YES;
				GCC_OPTIMIZATION_LEVEL = 0;
				GCC_PREPROCESSOR_DEFINITIONS = (
					"DEBUG=1",
					"$(inherited)",
				);
				GCC_WARN_64_TO_32_BIT_CONVERSION = YES;
				GCC_WARN_ABOUT_RETURN_TYPE = YES_ERROR;
				GCC_WARN_UNDECLARED_SELECTOR = YES;
				GCC_WARN_UNINITIALIZED_AUTOS = YES_AGGRESSIVE;
				GCC_WARN_UNUSED_FUNCTION = YES;
				GCC_WARN_UNUSED_VARIABLE = YES;
				IPHONEOS_DEPLOYMENT_TARGET = 9.2;
				MTL_ENABLE_DEBUG_INFO = YES;
				ONLY_ACTIVE_ARCH = YES;
				SDKROOT = iphoneos;
				SWIFT_OPTIMIZATION_LEVEL = "-Onone";
			};
			name = Debug;
		};
		BE7DE4061E83F82D00262B6C /* Release */ = {
			isa = XCBuildConfiguration;
			buildSettings = {
				ALWAYS_SEARCH_USER_PATHS = NO;
				CLANG_CXX_LANGUAGE_STANDARD = "gnu++0x";
				CLANG_CXX_LIBRARY = "libc++";
				CLANG_ENABLE_MODULES = YES;
				CLANG_ENABLE_OBJC_ARC = YES;
				CLANG_WARN_BOOL_CONVERSION = YES;
				CLANG_WARN_CONSTANT_CONVERSION = YES;
				CLANG_WARN_DIRECT_OBJC_ISA_USAGE = YES_ERROR;
				CLANG_WARN_EMPTY_BODY = YES;
				CLANG_WARN_ENUM_CONVERSION = YES;
				CLANG_WARN_INFINITE_RECURSION = YES;
				CLANG_WARN_INT_CONVERSION = YES;
				CLANG_WARN_OBJC_ROOT_CLASS = YES_ERROR;
				CLANG_WARN_SUSPICIOUS_MOVE = YES;
				CLANG_WARN_UNREACHABLE_CODE = YES;
				CLANG_WARN__DUPLICATE_METHOD_MATCH = YES;
				"CODE_SIGN_IDENTITY[sdk=iphoneos*]" = "iPhone Developer";
				COPY_PHASE_STRIP = NO;
				DEBUG_INFORMATION_FORMAT = "dwarf-with-dsym";
				ENABLE_NS_ASSERTIONS = NO;
				ENABLE_STRICT_OBJC_MSGSEND = YES;
				GCC_C_LANGUAGE_STANDARD = gnu99;
				GCC_NO_COMMON_BLOCKS = YES;
				GCC_WARN_64_TO_32_BIT_CONVERSION = YES;
				GCC_WARN_ABOUT_RETURN_TYPE = YES_ERROR;
				GCC_WARN_UNDECLARED_SELECTOR = YES;
				GCC_WARN_UNINITIALIZED_AUTOS = YES_AGGRESSIVE;
				GCC_WARN_UNUSED_FUNCTION = YES;
				GCC_WARN_UNUSED_VARIABLE = YES;
				IPHONEOS_DEPLOYMENT_TARGET = 9.2;
				MTL_ENABLE_DEBUG_INFO = NO;
				SDKROOT = iphoneos;
				SWIFT_OPTIMIZATION_LEVEL = "-Owholemodule";
				VALIDATE_PRODUCT = YES;
			};
			name = Release;
		};
		BE7DE4081E83F82D00262B6C /* Debug */ = {
			isa = XCBuildConfiguration;
			baseConfigurationReference = 8A6905D4B9B0354565DCC036 /* Pods-XXinLangWeibo.debug.xcconfig */;
			buildSettings = {
				ALWAYS_EMBED_SWIFT_STANDARD_LIBRARIES = YES;
				ASSETCATALOG_COMPILER_APPICON_NAME = AppIcon;
				ASSETCATALOG_COMPILER_LAUNCHIMAGE_NAME = LaunchImage;
				DEVELOPMENT_TEAM = L37SXG465L;
				INFOPLIST_FILE = XXinLangWeibo/Info.plist;
				IPHONEOS_DEPLOYMENT_TARGET = 9.0;
				LD_RUNPATH_SEARCH_PATHS = "$(inherited) @executable_path/Frameworks";
				PRODUCT_BUNDLE_IDENTIFIER = Leo.XXinLangWeibo;
				PRODUCT_NAME = "$(TARGET_NAME)";
				SWIFT_VERSION = 3.0;
			};
			name = Debug;
		};
		BE7DE4091E83F82D00262B6C /* Release */ = {
			isa = XCBuildConfiguration;
			baseConfigurationReference = 157BF70708648DACFBDF107C /* Pods-XXinLangWeibo.release.xcconfig */;
			buildSettings = {
				ALWAYS_EMBED_SWIFT_STANDARD_LIBRARIES = YES;
				ASSETCATALOG_COMPILER_APPICON_NAME = AppIcon;
				ASSETCATALOG_COMPILER_LAUNCHIMAGE_NAME = LaunchImage;
				DEVELOPMENT_TEAM = L37SXG465L;
				INFOPLIST_FILE = XXinLangWeibo/Info.plist;
				IPHONEOS_DEPLOYMENT_TARGET = 9.0;
				LD_RUNPATH_SEARCH_PATHS = "$(inherited) @executable_path/Frameworks";
				PRODUCT_BUNDLE_IDENTIFIER = Leo.XXinLangWeibo;
				PRODUCT_NAME = "$(TARGET_NAME)";
				SWIFT_VERSION = 3.0;
			};
			name = Release;
		};
/* End XCBuildConfiguration section */

/* Begin XCConfigurationList section */
		BE7DE3F01E83F82D00262B6C /* Build configuration list for PBXProject "XXinLangWeibo" */ = {
			isa = XCConfigurationList;
			buildConfigurations = (
				BE7DE4051E83F82D00262B6C /* Debug */,
				BE7DE4061E83F82D00262B6C /* Release */,
			);
			defaultConfigurationIsVisible = 0;
			defaultConfigurationName = Release;
		};
		BE7DE4071E83F82D00262B6C /* Build configuration list for PBXNativeTarget "XXinLangWeibo" */ = {
			isa = XCConfigurationList;
			buildConfigurations = (
				BE7DE4081E83F82D00262B6C /* Debug */,
				BE7DE4091E83F82D00262B6C /* Release */,
			);
			defaultConfigurationIsVisible = 0;
			defaultConfigurationName = Release;
		};
/* End XCConfigurationList section */
	};
	rootObject = BE7DE3ED1E83F82D00262B6C /* Project object */;
}
