// !$*UTF8*$!
{
	archiveVersion = 1;
	classes = {
	};
	objectVersion = 46;
	objects = {

/* Begin PBXBuildFile section */
		BE7DE3F91E83F82D00262B6C /* AppDelegate.swift in Sources */ = {isa = PBXBuildFile; fileRef = BE7DE3F81E83F82D00262B6C /* AppDelegate.swift */; };
		BE7DE3FE1E83F82D00262B6C /* Main.storyboard in Resources */ = {isa = PBXBuildFile; fileRef = BE7DE3FC1E83F82D00262B6C /* Main.storyboard */; };
		BE7DE4001E83F82D00262B6C /* Assets.xcassets in Resources */ = {isa = PBXBuildFile; fileRef = BE7DE3FF1E83F82D00262B6C /* Assets.xcassets */; };
		BE7DE4031E83F82D00262B6C /* LaunchScreen.storyboard in Resources */ = {isa = PBXBuildFile; fileRef = BE7DE4011E83F82D00262B6C /* LaunchScreen.storyboard */; };
/* End PBXBuildFile section */

/* Begin PBXFileReference section */
		BE7DE3F51E83F82D00262B6C /* XXinLangWeibo.app */ = {isa = PBXFileReference; explicitFileType = wrapper.application; includeInIndex = 0; path = XXinLangWeibo.app; sourceTree = BUILT_PRODUCTS_DIR; };
		BE7DE3F81E83F82D00262B6C /* AppDelegate.swift */ = {isa = PBXFileReference; lastKnownFileType = sourcecode.swift; path = AppDelegate.swift; sourceTree = "<group>"; };
		BE7DE3FD1E83F82D00262B6C /* Base */ = {isa = PBXFileReference; lastKnownFileType = file.storyboard; name = Base; path = Base.lproj/Main.storyboard; sourceTree = "<group>"; };
		BE7DE3FF1E83F82D00262B6C /* Assets.xcassets */ = {isa = PBXFileReference; lastKnownFileType = folder.assetcatalog; path = Assets.xcassets; sourceTree = "<group>"; };
		BE7DE4021E83F82D00262B6C /* Base */ = {isa = PBXFileReference; lastKnownFileType = file.storyboard; name = Base; path = Base.lproj/LaunchScreen.storyboard; sourceTree = "<group>"; };
		BE7DE4041E83F82D00262B6C /* Info.plist */ = {isa = PBXFileReference; lastKnownFileType = text.plist.xml; path = Info.plist; sourceTree = "<group>"; };
/* End PBXFileReference section */

/* Begin PBXFrameworksBuildPhase section */
		BE7DE3F21E83F82D00262B6C /* Frameworks */ = {
			isa = PBXFrameworksBuildPhase;
			buildActionMask = 2147483647;
			files = (
			);
			runOnlyForDeploymentPostprocessing = 0;
		};
/* End PBXFrameworksBuildPhase section */

/* Begin PBXGroup section */
		AA3C9BDF1E841C440023ADE5 /* Classes */ = {
			isa = PBXGroup;
			children = (
				AA3C9BE21E841C440023ADE5 /* Main */,
				AA3C9BE11E841C440023ADE5 /* Home */,
				AA3C9BE31E841C440023ADE5 /* Message */,
				AA3C9BE01E841C440023ADE5 /* Discover */,
				AA3C9BE41E841C440023ADE5 /* Profile */,
			);
			path = Classes;
			sourceTree = "<group>";
		};
		AA3C9BE01E841C440023ADE5 /* Discover */ = {
			isa = PBXGroup;
			children = (
			);
			path = Discover;
			sourceTree = "<group>";
		};
		AA3C9BE11E841C440023ADE5 /* Home */ = {
			isa = PBXGroup;
			children = (
			);
			path = Home;
			sourceTree = "<group>";
		};
		AA3C9BE21E841C440023ADE5 /* Main */ = {
			isa = PBXGroup;
			children = (
			);
			path = Main;
			sourceTree = "<group>";
		};
		AA3C9BE31E841C440023ADE5 /* Message */ = {
			isa = PBXGroup;
			children = (
			);
			path = Message;
			sourceTree = "<group>";
		};
		AA3C9BE41E841C440023ADE5 /* Profile */ = {
			isa = PBXGroup;
			children = (
			);
			path = Profile;
			sourceTree = "<group>";
		};
		BE7DE3EC1E83F82D00262B6C = {
			isa = PBXGroup;
			children = (
				BE7DE3F71E83F82D00262B6C /* XXinLangWeibo */,
				BE7DE3F61E83F82D00262B6C /* Products */,
			);
			sourceTree = "<group>";
		};
		BE7DE3F61E83F82D00262B6C /* Products */ = {
			isa = PBXGroup;
			children = (
				BE7DE3F51E83F82D00262B6C /* XXinLangWeibo.app */,
			);
			name = Products;
			sourceTree = "<group>";
		};
		BE7DE3F71E83F82D00262B6C /* XXinLangWeibo */ = {
			isa = PBXGroup;
			children = (
				AA3C9BDF1E841C440023ADE5 /* Classes */,
				BE7DE3F81E83F82D00262B6C /* AppDelegate.swift */,
				BE7DE3FC1E83F82D00262B6C /* Main.storyboard */,
				BE7DE3FF1E83F82D00262B6C /* Assets.xcassets */,
				BE7DE4011E83F82D00262B6C /* LaunchScreen.storyboard */,
				BE7DE4041E83F82D00262B6C /* Info.plist */,
			);
			path = XXinLangWeibo;
			sourceTree = "<group>";
		};
/* End PBXGroup section */

/* Begin PBXNativeTarget section */
		BE7DE3F41E83F82D00262B6C /* XXinLangWeibo */ = {
			isa = PBXNativeTarget;
			buildConfigurationList = BE7DE4071E83F82D00262B6C /* Build configuration list for PBXNativeTarget "XXinLangWeibo" */;
			buildPhases = (
				BE7DE3F11E83F82D00262B6C /* Sources */,
				BE7DE3F21E83F82D00262B6C /* Frameworks */,
				BE7DE3F31E83F82D00262B6C /* Resources */,
			);
			buildRules = (
			);
			dependencies = (
			);
			name = XXinLangWeibo;
			productName = XXinLangWeibo;
			productReference = BE7DE3F51E83F82D00262B6C /* XXinLangWeibo.app */;
			productType = "com.apple.product-type.application";
		};
/* End PBXNativeTarget section */

/* Begin PBXProject section */
		BE7DE3ED1E83F82D00262B6C /* Project object */ = {
			isa = PBXProject;
			attributes = {
				LastSwiftUpdateCheck = 0720;
				LastUpgradeCheck = 0720;
				ORGANIZATIONNAME = Team;
				TargetAttributes = {
					BE7DE3F41E83F82D00262B6C = {
						CreatedOnToolsVersion = 7.2.1;
						LastSwiftMigration = 0820;
					};
				};
			};
			buildConfigurationList = BE7DE3F01E83F82D00262B6C /* Build configuration list for PBXProject "XXinLangWeibo" */;
			compatibilityVersion = "Xcode 3.2";
			developmentRegion = English;
			hasScannedForEncodings = 0;
			knownRegions = (
				en,
				Base,
			);
			mainGroup = BE7DE3EC1E83F82D00262B6C;
			productRefGroup = BE7DE3F61E83F82D00262B6C /* Products */;
			projectDirPath = "";
			projectRoot = "";
			targets = (
				BE7DE3F41E83F82D00262B6C /* XXinLangWeibo */,
			);
		};
/* End PBXProject section */

/* Begin PBXResourcesBuildPhase section */
		BE7DE3F31E83F82D00262B6C /* Resources */ = {
			isa = PBXResourcesBuildPhase;
			buildActionMask = 2147483647;
			files = (
				BE7DE4031E83F82D00262B6C /* LaunchScreen.storyboard in Resources */,
				BE7DE4001E83F82D00262B6C /* Assets.xcassets in Resources */,
				BE7DE3FE1E83F82D00262B6C /* Main.storyboard in Resources */,
			);
			runOnlyForDeploymentPostprocessing = 0;
		};
/* End PBXResourcesBuildPhase section */

/* Begin PBXSourcesBuildPhase section */
		BE7DE3F11E83F82D00262B6C /* Sources */ = {
			isa = PBXSourcesBuildPhase;
			buildActionMask = 2147483647;
			files = (
				BE7DE3F91E83F82D00262B6C /* AppDelegate.swift in Sources */,
			);
			runOnlyForDeploymentPostprocessing = 0;
		};
/* End PBXSourcesBuildPhase section */

/* Begin PBXVariantGroup section */
		BE7DE3FC1E83F82D00262B6C /* Main.storyboard */ = {
			isa = PBXVariantGroup;
			children = (
				BE7DE3FD1E83F82D00262B6C /* Base */,
			);
			name = Main.storyboard;
			sourceTree = "<group>";
		};
		BE7DE4011E83F82D00262B6C /* LaunchScreen.storyboard */ = {
			isa = PBXVariantGroup;
			children = (
				BE7DE4021E83F82D00262B6C /* Base */,
			);
			name = LaunchScreen.storyboard;
			sourceTree = "<group>";
		};
/* End PBXVariantGroup section */

/* Begin XCBuildConfiguration section */
		BE7DE4051E83F82D00262B6C /* Debug */ = {
			isa = XCBuildConfiguration;
			buildSettings = {
				ALWAYS_SEARCH_USER_PATHS = NO;
				CLANG_CXX_LANGUAGE_STANDARD = "gnu++0x";
				CLANG_CXX_LIBRARY = "libc++";
				CLANG_ENABLE_MODULES = YES;
				CLANG_ENABLE_OBJC_ARC = YES;
				CLANG_WARN_BOOL_CONVERSION = YES;
				CLANG_WARN_CONSTANT_CONVERSION = YES;
				CLANG_WARN_DIRECT_OBJC_ISA_USAGE = YES_ERROR;
				CLANG_WARN_EMPTY_BODY = YES;
				CLANG_WARN_ENUM_CONVERSION = YES;
				CLANG_WARN_INT_CONVERSION = YES;
				CLANG_WARN_OBJC_ROOT_CLASS = YES_ERROR;
				CLANG_WARN_UNREACHABLE_CODE = YES;
				CLANG_WARN__DUPLICATE_METHOD_MATCH = YES;
				"CODE_SIGN_IDENTITY[sdk=iphoneos*]" = "iPhone Developer";
				COPY_PHASE_STRIP = NO;
				DEBUG_INFORMATION_FORMAT = dwarf;
				ENABLE_STRICT_OBJC_MSGSEND = YES;
				ENABLE_TESTABILITY = YES;
				GCC_C_LANGUAGE_STANDARD = gnu99;
				GCC_DYNAMIC_NO_PIC = NO;
				GCC_NO_COMMON_BLOCKS = YES;
				GCC_OPTIMIZATION_LEVEL = 0;
				GCC_PREPROCESSOR_DEFINITIONS = (
					"DEBUG=1",
					"$(inherited)",
				);
				GCC_WARN_64_TO_32_BIT_CONVERSION = YES;
				GCC_WARN_ABOUT_RETURN_TYPE = YES_ERROR;
				GCC_WARN_UNDECLARED_SELECTOR = YES;
				GCC_WARN_UNINITIALIZED_AUTOS = YES_AGGRESSIVE;
				GCC_WARN_UNUSED_FUNCTION = YES;
				GCC_WARN_UNUSED_VARIABLE = YES;
				IPHONEOS_DEPLOYMENT_TARGET = 9.2;
				MTL_ENABLE_DEBUG_INFO = YES;
				ONLY_ACTIVE_ARCH = YES;
				SDKROOT = iphoneos;
				SWIFT_OPTIMIZATION_LEVEL = "-Onone";
			};
			name = Debug;
		};
		BE7DE4061E83F82D00262B6C /* Release */ = {
			isa = XCBuildConfiguration;
			buildSettings = {
				ALWAYS_SEARCH_USER_PATHS = NO;
				CLANG_CXX_LANGUAGE_STANDARD = "gnu++0x";
				CLANG_CXX_LIBRARY = "libc++";
				CLANG_ENABLE_MODULES = YES;
				CLANG_ENABLE_OBJC_ARC = YES;
				CLANG_WARN_BOOL_CONVERSION = YES;
				CLANG_WARN_CONSTANT_CONVERSION = YES;
				CLANG_WARN_DIRECT_OBJC_ISA_USAGE = YES_ERROR;
				CLANG_WARN_EMPTY_BODY = YES;
				CLANG_WARN_ENUM_CONVERSION = YES;
				CLANG_WARN_INT_CONVERSION = YES;
				CLANG_WARN_OBJC_ROOT_CLASS = YES_ERROR;
				CLANG_WARN_UNREACHABLE_CODE = YES;
				CLANG_WARN__DUPLICATE_METHOD_MATCH = YES;
				"CODE_SIGN_IDENTITY[sdk=iphoneos*]" = "iPhone Developer";
				COPY_PHASE_STRIP = NO;
				DEBUG_INFORMATION_FORMAT = "dwarf-with-dsym";
				ENABLE_NS_ASSERTIONS = NO;
				ENABLE_STRICT_OBJC_MSGSEND = YES;
				GCC_C_LANGUAGE_STANDARD = gnu99;
				GCC_NO_COMMON_BLOCKS = YES;
				GCC_WARN_64_TO_32_BIT_CONVERSION = YES;
				GCC_WARN_ABOUT_RETURN_TYPE = YES_ERROR;
				GCC_WARN_UNDECLARED_SELECTOR = YES;
				GCC_WARN_UNINITIALIZED_AUTOS = YES_AGGRESSIVE;
				GCC_WARN_UNUSED_FUNCTION = YES;
				GCC_WARN_UNUSED_VARIABLE = YES;
				IPHONEOS_DEPLOYMENT_TARGET = 9.2;
				MTL_ENABLE_DEBUG_INFO = NO;
				SDKROOT = iphoneos;
				VALIDATE_PRODUCT = YES;
			};
			name = Release;
		};
		BE7DE4081E83F82D00262B6C /* Debug */ = {
			isa = XCBuildConfiguration;
			buildSettings = {
				ASSETCATALOG_COMPILER_APPICON_NAME = AppIcon;
				ASSETCATALOG_COMPILER_LAUNCHIMAGE_NAME = LaunchImage;
				INFOPLIST_FILE = XXinLangWeibo/Info.plist;
				IPHONEOS_DEPLOYMENT_TARGET = 9.0;
				LD_RUNPATH_SEARCH_PATHS = "$(inherited) @executable_path/Frameworks";
				PRODUCT_BUNDLE_IDENTIFIER = Leo.XXinLangWeibo;
				PRODUCT_NAME = "$(TARGET_NAME)";
				SWIFT_VERSION = 3.0;
			};
			name = Debug;
		};
		BE7DE4091E83F82D00262B6C /* Release */ = {
			isa = XCBuildConfiguration;
			buildSettings = {
				ASSETCATALOG_COMPILER_APPICON_NAME = AppIcon;
				ASSETCATALOG_COMPILER_LAUNCHIMAGE_NAME = LaunchImage;
				INFOPLIST_FILE = XXinLangWeibo/Info.plist;
				IPHONEOS_DEPLOYMENT_TARGET = 9.0;
				LD_RUNPATH_SEARCH_PATHS = "$(inherited) @executable_path/Frameworks";
				PRODUCT_BUNDLE_IDENTIFIER = Leo.XXinLangWeibo;
				PRODUCT_NAME = "$(TARGET_NAME)";
				SWIFT_VERSION = 3.0;
			};
			name = Release;
		};
/* End XCBuildConfiguration section */

/* Begin XCConfigurationList section */
		BE7DE3F01E83F82D00262B6C /* Build configuration list for PBXProject "XXinLangWeibo" */ = {
			isa = XCConfigurationList;
			buildConfigurations = (
				BE7DE4051E83F82D00262B6C /* Debug */,
				BE7DE4061E83F82D00262B6C /* Release */,
			);
			defaultConfigurationIsVisible = 0;
			defaultConfigurationName = Release;
		};
		BE7DE4071E83F82D00262B6C /* Build configuration list for PBXNativeTarget "XXinLangWeibo" */ = {
			isa = XCConfigurationList;
			buildConfigurations = (
				BE7DE4081E83F82D00262B6C /* Debug */,
				BE7DE4091E83F82D00262B6C /* Release */,
			);
			defaultConfigurationIsVisible = 0;
			defaultConfigurationName = Release;
		};
/* End XCConfigurationList section */
	};
	rootObject = BE7DE3ED1E83F82D00262B6C /* Project object */;
}
